
Microsoft Visual Studio Solution File, Format Version 12.00
# Visual Studio 15
VisualStudioVersion = 15.0.28307.421
MinimumVisualStudioVersion = 10.0.40219.1
Project("{FAE04EC0-301F-11D3-BF4B-00C04F79EFBC}") = "Greetings", "Greetings\Greetings.csproj", "{50708CE8-8D83-4A70-8D87-B24C8587779A}"
EndProject
Global
	GlobalSection(SolutionConfigurationPlatforms) = preSolution
		Debug|Any CPU = Debug|Any CPU
		Release|Any CPU = Release|Any CPU
	EndGlobalSection
	GlobalSection(ProjectConfigurationPlatforms) = postSolution
		{50708CE8-8D83-4A70-8D87-B24C8587779A}.Debug|Any CPU.ActiveCfg = Debug|Any CPU
		{50708CE8-8D83-4A70-8D87-B24C8587779A}.Debug|Any CPU.Build.0 = Debug|Any CPU
		{50708CE8-8D83-4A70-8D87-B24C8587779A}.Release|Any CPU.ActiveCfg = Release|Any CPU
		{50708CE8-8D83-4A70-8D87-B24C8587779A}.Release|Any CPU.Build.0 = Release|Any CPU
	EndGlobalSection
	GlobalSection(SolutionProperties) = preSolution
		HideSolutionNode = FALSE
	EndGlobalSection
	GlobalSection(ExtensibilityGlobals) = postSolution
		SolutionGuid = {02D72750-8498-47A3-A714-6795E1ED791D}
	EndGlobalSection
EndGlobal
