
Microsoft Visual Studio Solution File, Format Version 12.00
# Visual Studio 15
VisualStudioVersion = 15.0.28307.902
MinimumVisualStudioVersion = 10.0.40219.1
Project("{FAE04EC0-301F-11D3-BF4B-00C04F79EFBC}") = "UnitTestProject", "UnitTestProject\UnitTestProject.csproj", "{17C14D40-CD10-487A-AA9E-FA8DEF3324EF}"
EndProject
Project("{FAE04EC0-301F-11D3-BF4B-00C04F79EFBC}") = "Students", "Students\Students.csproj", "{7F64000A-F9F4-47BA-92C6-E5DB091AC8AB}"
EndProject
Global
	GlobalSection(SolutionConfigurationPlatforms) = preSolution
		Debug|Any CPU = Debug|Any CPU
		Release|Any CPU = Release|Any CPU
	EndGlobalSection
	GlobalSection(ProjectConfigurationPlatforms) = postSolution
		{17C14D40-CD10-487A-AA9E-FA8DEF3324EF}.Debug|Any CPU.ActiveCfg = Debug|Any CPU
		{17C14D40-CD10-487A-AA9E-FA8DEF3324EF}.Debug|Any CPU.Build.0 = Debug|Any CPU
		{17C14D40-CD10-487A-AA9E-FA8DEF3324EF}.Release|Any CPU.ActiveCfg = Release|Any CPU
		{17C14D40-CD10-487A-AA9E-FA8DEF3324EF}.Release|Any CPU.Build.0 = Release|Any CPU
		{7F64000A-F9F4-47BA-92C6-E5DB091AC8AB}.Debug|Any CPU.ActiveCfg = Debug|Any CPU
		{7F64000A-F9F4-47BA-92C6-E5DB091AC8AB}.Debug|Any CPU.Build.0 = Debug|Any CPU
		{7F64000A-F9F4-47BA-92C6-E5DB091AC8AB}.Release|Any CPU.ActiveCfg = Release|Any CPU
		{7F64000A-F9F4-47BA-92C6-E5DB091AC8AB}.Release|Any CPU.Build.0 = Release|Any CPU
	EndGlobalSection
	GlobalSection(SolutionProperties) = preSolution
		HideSolutionNode = FALSE
	EndGlobalSection
	GlobalSection(ExtensibilityGlobals) = postSolution
		SolutionGuid = {A9A131D3-90FB-4E2A-ADC7-7C155EF13DE8}
	EndGlobalSection
EndGlobal
